github.com/alecthomas/assert/v2 v2.3.0 h1:mAsH2wmvjsuvyBvAmCtm7zFsBlb8mIHx5ySLVdDZXL0=
github.com/alecthomas/assert/v2 v2.3.0/go.mod h1:pXcQ2Asjp247dahGEmsZ6ru0UVwnkhktn7S0bBDLxvQ=
github.com/alecthomas/participle/v2 v2.1.0 h1:z7dElHRrOEEq45F2TG5cbQihMtNTv8vwldytDj7Wrz4=
github.com/alecthomas/participle/v2 v2.1.0/go.mod h1:Y1+hAs8DHPmc3YUFzqllV+eSQ9ljPTk0ZkPMtEdAx2c=
github.com/alecthomas/repr v0.2.0 h1:HAzS41CIzNW5syS8Mf9UwXhNH1J9aix/BvDRf1Ml2Yk=
github.com/alecthomas/repr v0.2.0/go.mod h1:Fr0507jx4eOXV7AlPV6AVZLYrLIuIeSOWtW57eE/O/4=
github.com/aws/aws-sdk-go-v2 v1.32.7 h1:ky5o35oENWi0JYWUZkB7WYvVPP+bcRF5/Iq7JWSb5Rw=
github.com/aws/aws-sdk-go-v2 v1.32.7/go.mod h1:P5WJBrYqqbWVaOxgH0X/FYYD47/nooaPOZPlQdmiN2U=
github.com/aws/aws-sdk-go-v2/config v1.27.42 h1:Zsy9coUPuOsCWkjTvHpl2/DB9bptXtv7WeNPxvFr87s=
github.com/aws/aws-sdk-go-v2/config v1.27.42/go.mod h1:FGASs+PuJM2EY+8rt8qyQKLPbbX/S5oY+6WzJ/KE7ko=
github.com/aws/aws-sdk-go-v2/credentials v1.17.40 h1:RjnlA7t0p/IamxAM7FUJ5uS13Vszh4sjVGvsx91tGro=
github.com/aws/aws-sdk-go-v2/credentials v1.17.40/go.mod h1:dgpdnSs1Bp/atS6vLlW83h9xZPP+uSPB/27dFSgC1BM=
github.com/aws/aws-sdk-go-v2/feature/ec2/imds v1.16.16 h1:fwrer1pJeaiia0CcOfWVbZxvj9Adc7rsuaMTwPR0DIA=
github.com/aws/aws-sdk-go-v2/feature/ec2/imds v1.16.16/go.mod h1:XyEwwp8XI4zMar7MTnJ0Sk7qY/9aN8Hp929XhuX5SF8=
github.com/aws/aws-sdk-go-v2/internal/configsources v1.3.26 h1:I/5wmGMffY4happ8NOCuIUEWGUvvFp5NSeQcXl9RHcI=
github.com/aws/aws-sdk-go-v2/internal/configsources v1.3.26/go.mod h1:FR8f4turZtNy6baO0KJ5FJUmXH/cSkI9fOngs0yl6mA=
github.com/aws/aws-sdk-go-v2/internal/endpoints/v2 v2.6.26 h1:zXFLuEuMMUOvEARXFUVJdfqZ4bvvSgdGRq/ATcrQxzM=
github.com/aws/aws-sdk-go-v2/internal/endpoints/v2 v2.6.26/go.mod h1:3o2Wpy0bogG1kyOPrgkXA8pgIfEEv0+m19O9D5+W8y8=
github.com/aws/aws-sdk-go-v2/internal/ini v1.8.1 h1:VaRN3TlFdd6KxX1x3ILT5ynH6HvKgqdiXoTxAF4HQcQ=
github.com/aws/aws-sdk-go-v2/internal/ini v1.8.1/go.mod h1:FbtygfRFze9usAadmnGJNc8KsP346kEe+y2/oyhGAGc=
github.com/aws/aws-sdk-go-v2/internal/v4a v1.3.20 h1:HO5UCCkLmeWkJZHLvLDfylKv8ca28XLAX3HojZz2shI=
github.com/aws/aws-sdk-go-v2/internal/v4a v1.3.20/go.mod h1:IO0HUM6Ouk/s7Rx3hiLtFU3mc+9OJFFygjsaxFBhAbk=
github.com/aws/aws-sdk-go-v2/service/eventbridge v1.35.1 h1:SPo3kKeaMqW1XmBarEOAIWq3yBt9Lt9AlS8SQjfFTIQ=
github.com/aws/aws-sdk-go-v2/service/eventbridge v1.35.1/go.mod h1:7lzRcSDViJL6/nioc8V1tXKj5DzT7OAMvwyGcPEJ/C4=
github.com/aws/aws-sdk-go-v2/service/glue v1.104.1 h1:ZugCpQaDsr8L7FrbvbDqWeceXwo0YOUpfBBmOTy6rn8=
github.com/aws/aws-sdk-go-v2/service/glue v1.104.1/go.mod h1:FyYpmVnMux6fzG2kcLnVwT/swhs8DNtleGIkc8gh63c=
github.com/aws/aws-sdk-go-v2/service/internal/accept-encoding v1.12.0 h1:TToQNkvGguu209puTojY/ozlqy2d/SFNcoLIqTFi42g=
github.com/aws/aws-sdk-go-v2/service/internal/accept-encoding v1.12.0/go.mod h1:0jp+ltwkf+SwG2fm/PKo8t4y8pJSgOCO4D8Lz3k0aHQ=
github.com/aws/aws-sdk-go-v2/service/internal/presigned-url v1.12.1 h1:5vBMBTakOvtd8aNaicswcrr9qqCYUlasuzyoU6/0g8I=
github.com/aws/aws-sdk-go-v2/service/internal/presigned-url v1.12.1/go.mod h1:WSUbDa5qdg05Q558KXx2Scb+EDvOPXT9gfET0fyrJSk=
github.com/aws/aws-sdk-go-v2/service/sso v1.24.1 h1:aAIr0WhAgvKrxZtkBqne87Gjmd7/lJVTFkR2l2yuhL8=
github.com/aws/aws-sdk-go-v2/service/sso v1.24.1/go.mod h1:8XhxGMWUfikJuginPQl5SGZ0LSJuNX3TCEQmFWZwHTM=
github.com/aws/aws-sdk-go-v2/service/ssooidc v1.28.1 h1:J6kIsIkgFOaU6aKjigXJoue1XEHtKIIrpSh4vKdmRTs=
github.com/aws/aws-sdk-go-v2/service/ssooidc v1.28.1/go.mod h1:2V2JLP7tXOmUbL3Hd1ojq+774t2KUAEQ35//shoNEL0=
github.com/aws/aws-sdk-go-v2/service/sts v1.32.1 h1:q76Ig4OaJzVJGNUSGO3wjSTBS94g+EhHIbpY9rPvkxs=
github.com/aws/aws-sdk-go-v2/service/sts v1.32.1/go.mod h1:664dajZ7uS7JMUMUG0R5bWbtN97KECNCVdFDdQ6Ipu8=
github.com/aws/smithy-go v1.22.1 h1:/HPHZQ0g7f4eUeK6HKglFz8uwVfZKgoI25rb/J+dnro=
github.com/aws/smithy-go v1.22.1/go.mod h1:irrKGvNn1InZwb2d7fkIRNucdfwR8R+Ts3wxYa/cJHg=
github.com/davecgh/go-spew v1.1.1 h1:vj9j/u1bqnvCEfJOwUhtlOARqs3+rkHYY13jYWTU97c=
github.com/davecgh/go-spew v1.1.1/go.mod h1:J7Y8YcW2NihsgmVo/mv3lAwl/skON4iLHjSsI+c5H38=
github.com/hexops/gotextdiff v1.0.3 h1:gitA9+qJrrTCsiCl7+kh75nPqQt1cx4ZkudSTLoUqJM=
github.com/hexops/gotextdiff v1.0.3/go.mod h1:pSWU5MAI3yDq+fZBTazCSJysOMbxWL1BSow5/V2vxeg=
github.com/pmezard/go-difflib v1.0.0 h1:4DBwDE0NGyQoBHbLQYPwSUPoCMWR5BEzIk/f1lZbAQM=
github.com/pmezard/go-difflib v1.0.0/go.mod h1:iKH77koFhYxTK1pcRnkKkqfTogsbg7gZNVY4sRDYZ/4=
github.com/stretchr/testify v1.8.4 h1:CcVxjf3Q8PM0mHUKJCdn+eZZtm5yQwehR5yeSVQQcUk=
github.com/stretchr/testify v1.8.4/go.mod h1:sz/lmYIOXD/1dqDmKjjqLyZ2RngseejIcXlSw2iwfAo=
github.com/winebarrel/cronplan v1.10.1 h1:sTnmKWpGjXr3tDpgSSTCohltaimpBNXW/LgFf0SEMwo=
github.com/winebarrel/cronplan v1.10.1/go.mod h1:FXpmoZVzj9eZoyHe1lpUezcFL3Tk6p5OBSovWeHq4qY=
gopkg.in/yaml.v3 v3.0.1 h1:fxVm/GzAzEWqLHuvctI91KS9hhNmmWOoWu0XTYJS7CA=
gopkg.in/yaml.v3 v3.0.1/go.mod h1:K4uyk7z7BCEPqu6E+C64Yfv1cQ7kz7rIZviUmN+EgEM=
